Microsoft Visual Studio Solution File, Format Version 12.00
# Visual Studio 2012
Project("{1B19158F-E398-40A6-8E3B-350508E125F1}") = "Application1.Shared", "Application1.Shared\Application1.Shared.dxjsproj", "{AF419920-A578-4F18-80DD-725EEDC83223}"
EndProject
Project("{1B19158F-E398-40A6-8E3B-350508E125F1}") = "Application1.Desktop", "Application1.Desktop\Application1.Desktop.dxjsproj", "{643EB7DE-798A-400E-9435-D204599BE772}"
EndProject
Project("{1B19158F-E398-40A6-8E3B-350508E125F1}") = "Application1.Mobile", "Application1.Mobile\Application1.Mobile.dxjsproj", "{32EDB63C-3869-45BB-BBE1-B9AB4AA28CA7}"
EndProject
Global
	GlobalSection(SolutionConfigurationPlatforms) = preSolution
		Debug|Any CPU = Debug|Any CPU
		Release|Any CPU = Release|Any CPU
	EndGlobalSection
	GlobalSection(ProjectConfigurationPlatforms) = postSolution
		{AF419920-A578-4F18-80DD-725EEDC83223}.Debug|Any CPU.ActiveCfg = Debug|Any CPU
		{AF419920-A578-4F18-80DD-725EEDC83223}.Debug|Any CPU.Build.0 = Debug|Any CPU
		{AF419920-A578-4F18-80DD-725EEDC83223}.Release|Any CPU.ActiveCfg = Release|Any CPU
		{AF419920-A578-4F18-80DD-725EEDC83223}.Release|Any CPU.Build.0 = Release|Any CPU
		{643EB7DE-798A-400E-9435-D204599BE772}.Debug|Any CPU.ActiveCfg = Debug|Any CPU
		{643EB7DE-798A-400E-9435-D204599BE772}.Debug|Any CPU.Build.0 = Debug|Any CPU
		{643EB7DE-798A-400E-9435-D204599BE772}.Release|Any CPU.ActiveCfg = Release|Any CPU
		{643EB7DE-798A-400E-9435-D204599BE772}.Release|Any CPU.Build.0 = Release|Any CPU
		{32EDB63C-3869-45BB-BBE1-B9AB4AA28CA7}.Debug|Any CPU.ActiveCfg = Debug|Any CPU
		{32EDB63C-3869-45BB-BBE1-B9AB4AA28CA7}.Debug|Any CPU.Build.0 = Debug|Any CPU
		{32EDB63C-3869-45BB-BBE1-B9AB4AA28CA7}.Release|Any CPU.ActiveCfg = Release|Any CPU
		{32EDB63C-3869-45BB-BBE1-B9AB4AA28CA7}.Release|Any CPU.Build.0 = Release|Any CPU
	EndGlobalSection
	GlobalSection(SolutionProperties) = preSolution
		HideSolutionNode = FALSE
	EndGlobalSection
EndGlobal
